Microsoft Visual Studio Solution File, Format Version 12.00
# Visual Studio 2012
Project("{FAE04EC0-301F-11D3-BF4B-00C04F79EFBC}") = "Nuevo Proyecto de Juego", "Nuevo Proyecto de Juego.csproj", "{2B57F5F7-F218-478F-8785-3BA13D3710AE}"
EndProject
Global
	GlobalSection(SolutionConfigurationPlatforms) = preSolution
	Debug|Any CPU = Debug|Any CPU
	ExportDebug|Any CPU = ExportDebug|Any CPU
	ExportRelease|Any CPU = ExportRelease|Any CPU
	EndGlobalSection
	GlobalSection(ProjectConfigurationPlatforms) = postSolution
		{2B57F5F7-F218-478F-8785-3BA13D3710AE}.Debug|Any CPU.ActiveCfg = Debug|Any CPU
		{2B57F5F7-F218-478F-8785-3BA13D3710AE}.Debug|Any CPU.Build.0 = Debug|Any CPU
		{2B57F5F7-F218-478F-8785-3BA13D3710AE}.ExportDebug|Any CPU.ActiveCfg = ExportDebug|Any CPU
		{2B57F5F7-F218-478F-8785-3BA13D3710AE}.ExportDebug|Any CPU.Build.0 = ExportDebug|Any CPU
		{2B57F5F7-F218-478F-8785-3BA13D3710AE}.ExportRelease|Any CPU.ActiveCfg = ExportRelease|Any CPU
		{2B57F5F7-F218-478F-8785-3BA13D3710AE}.ExportRelease|Any CPU.Build.0 = ExportRelease|Any CPU
	EndGlobalSection
EndGlobal
